
Microsoft Visual Studio Solution File, Format Version 12.00
# Visual Studio 2012
Project("{FAE04EC0-301F-11D3-BF4B-00C04F79EFBC}") = "2DNesting", "2DNesting\2DNesting.csproj", "{F8EF6941-C240-4F59-9936-278F48899C32}"
EndProject
Global
	GlobalSection(SolutionConfigurationPlatforms) = preSolution
		Debug|Any CPU = Debug|Any CPU
		Release|Any CPU = Release|Any CPU
	EndGlobalSection
	GlobalSection(ProjectConfigurationPlatforms) = postSolution
		{F8EF6941-C240-4F59-9936-278F48899C32}.Debug|Any CPU.ActiveCfg = Debug|Any CPU
		{F8EF6941-C240-4F59-9936-278F48899C32}.Debug|Any CPU.Build.0 = Debug|Any CPU
		{F8EF6941-C240-4F59-9936-278F48899C32}.Release|Any CPU.ActiveCfg = Release|Any CPU
		{F8EF6941-C240-4F59-9936-278F48899C32}.Release|Any CPU.Build.0 = Release|Any CPU
	EndGlobalSection
	GlobalSection(SolutionProperties) = preSolution
		HideSolutionNode = FALSE
	EndGlobalSection
EndGlobal
